// !$*UTF8*$!
{
	archiveVersion = 1;
	classes = {
	};
	objectVersion = 46;
	objects = {

/* Begin PBXBuildFile section */
		5DEFD9E51D98E5CE00F4CE4D /* AppDelegate.swift in Sources */ = {isa = PBXBuildFile; fileRef = 5DEFD9E41D98E5CE00F4CE4D /* AppDelegate.swift */; };
		5DEFD9EA1D98E5CE00F4CE4D /* Main.storyboard in Resources */ = {isa = PBXBuildFile; fileRef = 5DEFD9E81D98E5CE00F4CE4D /* Main.storyboard */; };
		5DEFD9EC1D98E5CE00F4CE4D /* Assets.xcassets in Resources */ = {isa = PBXBuildFile; fileRef = 5DEFD9EB1D98E5CE00F4CE4D /* Assets.xcassets */; };
		5DEFD9EF1D98E5CE00F4CE4D /* LaunchScreen.storyboard in Resources */ = {isa = PBXBuildFile; fileRef = 5DEFD9ED1D98E5CE00F4CE4D /* LaunchScreen.storyboard */; };
		5DEFD9F71D98E6F500F4CE4D /* PhotosViewController.swift in Sources */ = {isa = PBXBuildFile; fileRef = 5DEFD9F61D98E6F500F4CE4D /* PhotosViewController.swift */; };
		5DEFD9F91D98F8B800F4CE4D /* FlickrAPI.swift in Sources */ = {isa = PBXBuildFile; fileRef = 5DEFD9F81D98F8B800F4CE4D /* FlickrAPI.swift */; };
		5DEFD9FB1D99048C00F4CE4D /* PhotoStore.swift in Sources */ = {isa = PBXBuildFile; fileRef = 5DEFD9FA1D99048C00F4CE4D /* PhotoStore.swift */; };
/* End PBXBuildFile section */

/* Begin PBXFileReference section */
		5DEFD9E11D98E5CE00F4CE4D /* Photorama.app */ = {isa = PBXFileReference; explicitFileType = wrapper.application; includeInIndex = 0; path = Photorama.app; sourceTree = BUILT_PRODUCTS_DIR; };
		5DEFD9E41D98E5CE00F4CE4D /* AppDelegate.swift */ = {isa = PBXFileReference; lastKnownFileType = sourcecode.swift; path = AppDelegate.swift; sourceTree = "<group>"; };
		5DEFD9E91D98E5CE00F4CE4D /* Base */ = {isa = PBXFileReference; lastKnownFileType = file.storyboard; name = Base; path = Base.lproj/Main.storyboard; sourceTree = "<group>"; };
		5DEFD9EB1D98E5CE00F4CE4D /* Assets.xcassets */ = {isa = PBXFileReference; lastKnownFileType = folder.assetcatalog; path = Assets.xcassets; sourceTree = "<group>"; };
		5DEFD9EE1D98E5CE00F4CE4D /* Base */ = {isa = PBXFileReference; lastKnownFileType = file.storyboard; name = Base; path = Base.lproj/LaunchScreen.storyboard; sourceTree = "<group>"; };
		5DEFD9F01D98E5CE00F4CE4D /* Info.plist */ = {isa = PBXFileReference; lastKnownFileType = text.plist.xml; path = Info.plist; sourceTree = "<group>"; };
		5DEFD9F61D98E6F500F4CE4D /* PhotosViewController.swift */ = {isa = PBXFileReference; fileEncoding = 4; lastKnownFileType = sourcecode.swift; path = PhotosViewController.swift; sourceTree = "<group>"; };
		5DEFD9F81D98F8B800F4CE4D /* FlickrAPI.swift */ = {isa = PBXFileReference; fileEncoding = 4; lastKnownFileType = sourcecode.swift; path = FlickrAPI.swift; sourceTree = "<group>"; };
		5DEFD9FA1D99048C00F4CE4D /* PhotoStore.swift */ = {isa = PBXFileReference; fileEncoding = 4; lastKnownFileType = sourcecode.swift; path = PhotoStore.swift; sourceTree = "<group>"; };
/* End PBXFileReference section */

/* Begin PBXFrameworksBuildPhase section */
		5DEFD9DE1D98E5CD00F4CE4D /* Frameworks */ = {
			isa = PBXFrameworksBuildPhase;
			buildActionMask = 2147483647;
			files = (
			);
			runOnlyForDeploymentPostprocessing = 0;
		};
/* End PBXFrameworksBuildPhase section */

/* Begin PBXGroup section */
		5DEFD9D81D98E5CD00F4CE4D = {
			isa = PBXGroup;
			children = (
				5DEFD9E31D98E5CE00F4CE4D /* Photorama */,
				5DEFD9E21D98E5CE00F4CE4D /* Products */,
			);
			sourceTree = "<group>";
		};
		5DEFD9E21D98E5CE00F4CE4D /* Products */ = {
			isa = PBXGroup;
			children = (
				5DEFD9E11D98E5CE00F4CE4D /* Photorama.app */,
			);
			name = Products;
			sourceTree = "<group>";
		};
		5DEFD9E31D98E5CE00F4CE4D /* Photorama */ = {
			isa = PBXGroup;
			children = (
				5DEFD9F61D98E6F500F4CE4D /* PhotosViewController.swift */,
				5DEFD9E41D98E5CE00F4CE4D /* AppDelegate.swift */,
				5DEFD9E81D98E5CE00F4CE4D /* Main.storyboard */,
				5DEFD9F81D98F8B800F4CE4D /* FlickrAPI.swift */,
				5DEFD9FA1D99048C00F4CE4D /* PhotoStore.swift */,
				5DEFD9EB1D98E5CE00F4CE4D /* Assets.xcassets */,
				5DEFD9ED1D98E5CE00F4CE4D /* LaunchScreen.storyboard */,
				5DEFD9F01D98E5CE00F4CE4D /* Info.plist */,
			);
			path = Photorama;
			sourceTree = "<group>";
		};
/* End PBXGroup section */

/* Begin PBXNativeTarget section */
		5DEFD9E01D98E5CD00F4CE4D /* Photorama */ = {
			isa = PBXNativeTarget;
			buildConfigurationList = 5DEFD9F31D98E5CE00F4CE4D /* Build configuration list for PBXNativeTarget "Photorama" */;
			buildPhases = (
				5DEFD9DD1D98E5CD00F4CE4D /* Sources */,
				5DEFD9DE1D98E5CD00F4CE4D /* Frameworks */,
				5DEFD9DF1D98E5CD00F4CE4D /* Resources */,
			);
			buildRules = (
			);
			dependencies = (
			);
			name = Photorama;
			productName = Photorama;
			productReference = 5DEFD9E11D98E5CE00F4CE4D /* Photorama.app */;
			productType = "com.apple.product-type.application";
		};
/* End PBXNativeTarget section */

/* Begin PBXProject section */
		5DEFD9D91D98E5CD00F4CE4D /* Project object */ = {
			isa = PBXProject;
			attributes = {
				LastSwiftUpdateCheck = 0800;
				LastUpgradeCheck = 0800;
				ORGANIZATIONNAME = "Rehan Sajid";
				TargetAttributes = {
					5DEFD9E01D98E5CD00F4CE4D = {
						CreatedOnToolsVersion = 8.0;
						ProvisioningStyle = Automatic;
					};
				};
			};
			buildConfigurationList = 5DEFD9DC1D98E5CD00F4CE4D /* Build configuration list for PBXProject "Photorama" */;
			compatibilityVersion = "Xcode 3.2";
			developmentRegion = English;
			hasScannedForEncodings = 0;
			knownRegions = (
				en,
				Base,
			);
			mainGroup = 5DEFD9D81D98E5CD00F4CE4D;
			productRefGroup = 5DEFD9E21D98E5CE00F4CE4D /* Products */;
			projectDirPath = "";
			projectRoot = "";
			targets = (
				5DEFD9E01D98E5CD00F4CE4D /* Photorama */,
			);
		};
/* End PBXProject section */

/* Begin PBXResourcesBuildPhase section */
		5DEFD9DF1D98E5CD00F4CE4D /* Resources */ = {
			isa = PBXResourcesBuildPhase;
			buildActionMask = 2147483647;
			files = (
				5DEFD9EF1D98E5CE00F4CE4D /* LaunchScreen.storyboard in Resources */,
				5DEFD9EC1D98E5CE00F4CE4D /* Assets.xcassets in Resources */,
				5DEFD9EA1D98E5CE00F4CE4D /* Main.storyboard in Resources */,
			);
			runOnlyForDeploymentPostprocessing = 0;
		};
/* End PBXResourcesBuildPhase section */

/* Begin PBXSourcesBuildPhase section */
		5DEFD9DD1D98E5CD00F4CE4D /* Sources */ = {
			isa = PBXSourcesBuildPhase;
			buildActionMask = 2147483647;
			files = (
				5DEFD9F91D98F8B800F4CE4D /* FlickrAPI.swift in Sources */,
				5DEFD9F71D98E6F500F4CE4D /* PhotosViewController.swift in Sources */,
				5DEFD9FB1D99048C00F4CE4D /* PhotoStore.swift in Sources */,
				5DEFD9E51D98E5CE00F4CE4D /* AppDelegate.swift in Sources */,
			);
			runOnlyForDeploymentPostprocessing = 0;
		};
/* End PBXSourcesBuildPhase section */

/* Begin PBXVariantGroup section */
		5DEFD9E81D98E5CE00F4CE4D /* Main.storyboard */ = {
			isa = PBXVariantGroup;
			children = (
				5DEFD9E91D98E5CE00F4CE4D /* Base */,
			);
			name = Main.storyboard;
			sourceTree = "<group>";
		};
		5DEFD9ED1D98E5CE00F4CE4D /* LaunchScreen.storyboard */ = {
			isa = PBXVariantGroup;
			children = (
				5DEFD9EE1D98E5CE00F4CE4D /* Base */,
			);
			name = LaunchScreen.storyboard;
			sourceTree = "<group>";
		};
/* End PBXVariantGroup section */

/* Begin XCBuildConfiguration section */
		5DEFD9F11D98E5CE00F4CE4D /* Debug */ = {
			isa = XCBuildConfiguration;
			buildSettings = {
				ALWAYS_SEARCH_USER_PATHS = NO;
				CLANG_ANALYZER_NONNULL = YES;
				CLANG_CXX_LANGUAGE_STANDARD = "gnu++0x";
				CLANG_CXX_LIBRARY = "libc++";
				CLANG_ENABLE_MODULES = YES;
				CLANG_ENABLE_OBJC_ARC = YES;
				CLANG_WARN_BOOL_CONVERSION = YES;
				CLANG_WARN_CONSTANT_CONVERSION = YES;
				CLANG_WARN_DIRECT_OBJC_ISA_USAGE = YES_ERROR;
				CLANG_WARN_DOCUMENTATION_COMMENTS = YES;
				CLANG_WARN_EMPTY_BODY = YES;
				CLANG_WARN_ENUM_CONVERSION = YES;
				CLANG_WARN_INFINITE_RECURSION = YES;
				CLANG_WARN_INT_CONVERSION = YES;
				CLANG_WARN_OBJC_ROOT_CLASS = YES_ERROR;
				CLANG_WARN_SUSPICIOUS_MOVES = YES;
				CLANG_WARN_UNREACHABLE_CODE = YES;
				CLANG_WARN__DUPLICATE_METHOD_MATCH = YES;
				"CODE_SIGN_IDENTITY[sdk=iphoneos*]" = "iPhone Developer";
				COPY_PHASE_STRIP = NO;
				DEBUG_INFORMATION_FORMAT = dwarf;
				ENABLE_STRICT_OBJC_MSGSEND = YES;
				ENABLE_TESTABILITY = YES;
				GCC_C_LANGUAGE_STANDARD = gnu99;
				GCC_DYNAMIC_NO_PIC = NO;
				GCC_NO_COMMON_BLOCKS = YES;
				GCC_OPTIMIZATION_LEVEL = 0;
				GCC_PREPROCESSOR_DEFINITIONS = (
					"DEBUG=1",
					"$(inherited)",
				);
				GCC_WARN_64_TO_32_BIT_CONVERSION = YES;
				GCC_WARN_ABOUT_RETURN_TYPE = YES_ERROR;
				GCC_WARN_UNDECLARED_SELECTOR = YES;
				GCC_WARN_UNINITIALIZED_AUTOS = YES_AGGRESSIVE;
				GCC_WARN_UNUSED_FUNCTION = YES;
				GCC_WARN_UNUSED_VARIABLE = YES;
				IPHONEOS_DEPLOYMENT_TARGET = 10.0;
				MTL_ENABLE_DEBUG_INFO = YES;
				ONLY_ACTIVE_ARCH = YES;
				SDKROOT = iphoneos;
				SWIFT_ACTIVE_COMPILATION_CONDITIONS = DEBUG;
				SWIFT_OPTIMIZATION_LEVEL = "-Onone";
				TARGETED_DEVICE_FAMILY = "1,2";
			};
			name = Debug;
		};
		5DEFD9F21D98E5CE00F4CE4D /* Release */ = {
			isa = XCBuildConfiguration;
			buildSettings = {
				ALWAYS_SEARCH_USER_PATHS = NO;
				CLANG_ANALYZER_NONNULL = YES;
				CLANG_CXX_LANGUAGE_STANDARD = "gnu++0x";
				CLANG_CXX_LIBRARY = "libc++";
				CLANG_ENABLE_MODULES = YES;
				CLANG_ENABLE_OBJC_ARC = YES;
				CLANG_WARN_BOOL_CONVERSION = YES;
				CLANG_WARN_CONSTANT_CONVERSION = YES;
				CLANG_WARN_DIRECT_OBJC_ISA_USAGE = YES_ERROR;
				CLANG_WARN_DOCUMENTATION_COMMENTS = YES;
				CLANG_WARN_EMPTY_BODY = YES;
				CLANG_WARN_ENUM_CONVERSION = YES;
				CLANG_WARN_INFINITE_RECURSION = YES;
				CLANG_WARN_INT_CONVERSION = YES;
				CLANG_WARN_OBJC_ROOT_CLASS = YES_ERROR;
				CLANG_WARN_SUSPICIOUS_MOVES = YES;
				CLANG_WARN_UNREACHABLE_CODE = YES;
				CLANG_WARN__DUPLICATE_METHOD_MATCH = YES;
				"CODE_SIGN_IDENTITY[sdk=iphoneos*]" = "iPhone Developer";
				COPY_PHASE_STRIP = NO;
				DEBUG_INFORMATION_FORMAT = "dwarf-with-dsym";
				ENABLE_NS_ASSERTIONS = NO;
				ENABLE_STRICT_OBJC_MSGSEND = YES;
				GCC_C_LANGUAGE_STANDARD = gnu99;
				GCC_NO_COMMON_BLOCKS = YES;
				GCC_WARN_64_TO_32_BIT_CONVERSION = YES;
				GCC_WARN_ABOUT_RETURN_TYPE = YES_ERROR;
				GCC_WARN_UNDECLARED_SELECTOR = YES;
				GCC_WARN_UNINITIALIZED_AUTOS = YES_AGGRESSIVE;
				GCC_WARN_UNUSED_FUNCTION = YES;
				GCC_WARN_UNUSED_VARIABLE = YES;
				IPHONEOS_DEPLOYMENT_TARGET = 10.0;
				MTL_ENABLE_DEBUG_INFO = NO;
				SDKROOT = iphoneos;
				SWIFT_OPTIMIZATION_LEVEL = "-Owholemodule";
				TARGETED_DEVICE_FAMILY = "1,2";
				VALIDATE_PRODUCT = YES;
			};
			name = Release;
		};
		5DEFD9F41D98E5CE00F4CE4D /* Debug */ = {
			isa = XCBuildConfiguration;
			buildSettings = {
				ASSETCATALOG_COMPILER_APPICON_NAME = AppIcon;
				INFOPLIST_FILE = Photorama/Info.plist;
				LD_RUNPATH_SEARCH_PATHS = "$(inherited) @executable_path/Frameworks";
				PRODUCT_BUNDLE_IDENTIFIER = com.me.myself.rehan.Photorama;
				PRODUCT_NAME = "$(TARGET_NAME)";
				SWIFT_VERSION = 3.0;
			};
			name = Debug;
		};
		5DEFD9F51D98E5CE00F4CE4D /* Release */ = {
			isa = XCBuildConfiguration;
			buildSettings = {
				ASSETCATALOG_COMPILER_APPICON_NAME = AppIcon;
				INFOPLIST_FILE = Photorama/Info.plist;
				LD_RUNPATH_SEARCH_PATHS = "$(inherited) @executable_path/Frameworks";
				PRODUCT_BUNDLE_IDENTIFIER = com.me.myself.rehan.Photorama;
				PRODUCT_NAME = "$(TARGET_NAME)";
				SWIFT_VERSION = 3.0;
			};
			name = Release;
		};
/* End XCBuildConfiguration section */

/* Begin XCConfigurationList section */
		5DEFD9DC1D98E5CD00F4CE4D /* Build configuration list for PBXProject "Photorama" */ = {
			isa = XCConfigurationList;
			buildConfigurations = (
				5DEFD9F11D98E5CE00F4CE4D /* Debug */,
				5DEFD9F21D98E5CE00F4CE4D /* Release */,
			);
			defaultConfigurationIsVisible = 0;
			defaultConfigurationName = Release;
		};
		5DEFD9F31D98E5CE00F4CE4D /* Build configuration list for PBXNativeTarget "Photorama" */ = {
			isa = XCConfigurationList;
			buildConfigurations = (
				5DEFD9F41D98E5CE00F4CE4D /* Debug */,
				5DEFD9F51D98E5CE00F4CE4D /* Release */,
			);
			defaultConfigurationIsVisible = 0;
		};
/* End XCConfigurationList section */
	};
	rootObject = 5DEFD9D91D98E5CD00F4CE4D /* Project object */;
}
